
Microsoft Visual Studio Solution File, Format Version 12.00
# Visual Studio Version 17
VisualStudioVersion = 17.8.34309.116
MinimumVisualStudioVersion = 10.0.40219.1
Project("{9A19103F-16F7-4668-BE54-9A1E7A4F7556}") = "BIS.ALB", "BIS.ALB\BIS.ALB.csproj", "{8D1B5008-1084-43F8-9E45-AF7894ECA64C}"
EndProject
Project("{9A19103F-16F7-4668-BE54-9A1E7A4F7556}") = "BIS.Core", "BIS.Core\BIS.Core.csproj", "{B877F60B-0E26-4572-9E6A-6C9E67C5F8D7}"
EndProject
Project("{9A19103F-16F7-4668-BE54-9A1E7A4F7556}") = "BIS.P3D", "BIS.P3D\BIS.P3D.csproj", "{842AB5B1-28EF-476C-88FC-DD26EF6DBD4F}"
EndProject
Project("{9A19103F-16F7-4668-BE54-9A1E7A4F7556}") = "BIS.PAA", "BIS.PAA\BIS.PAA.csproj", "{9399460C-6D54-4C03-A4DE-1E398A9A007E}"
EndProject
Project("{9A19103F-16F7-4668-BE54-9A1E7A4F7556}") = "BIS.PBO", "BIS.PBO\BIS.PBO.csproj", "{500A441F-1736-4FE1-AAE0-0DE1F52A30FB}"
EndProject
Project("{9A19103F-16F7-4668-BE54-9A1E7A4F7556}") = "BIS.RTM", "BIS.RTM\BIS.RTM.csproj", "{B8B2BF3E-CCB4-441C-B4A1-2036090AFF9E}"
EndProject
Project("{9A19103F-16F7-4668-BE54-9A1E7A4F7556}") = "BIS.WRP", "BIS.WRP\BIS.WRP.csproj", "{2B43DF8A-8D46-45FE-AD10-63AF88E0B570}"
EndProject
Project("{9A19103F-16F7-4668-BE54-9A1E7A4F7556}") = "BIS.Core.Test", "BIS.Core.Test\BIS.Core.Test.csproj", "{6A91F1B2-5C8A-495A-824B-1BC7825B1939}"
EndProject
Project("{9A19103F-16F7-4668-BE54-9A1E7A4F7556}") = "BIS.P3D.Test", "BIS.P3D.Test\BIS.P3D.Test.csproj", "{B49FDF6F-5F9E-424D-B2D7-A41B9BC9E1D3}"
EndProject
Project("{9A19103F-16F7-4668-BE54-9A1E7A4F7556}") = "BIS.SQFC", "BIS.SQFC\BIS.SQFC.csproj", "{D7668D68-B817-4372-96B9-1CD793D649A8}"
EndProject
Project("{FAE04EC0-301F-11D3-BF4B-00C04F79EFBC}") = "BIS.SQFC.Test", "BIS.SQFC.Test\BIS.SQFC.Test.csproj", "{A8800069-0862-4FB3-BB65-EDB2CEBB6A28}"
EndProject
Project("{FAE04EC0-301F-11D3-BF4B-00C04F79EFBC}") = "BIS.PBO.Test", "BIS.PBO.Test\BIS.PBO.Test.csproj", "{1DC0035B-F2F0-4000-B377-ADCAB4717FD8}"
EndProject
Project("{FAE04EC0-301F-11D3-BF4B-00C04F79EFBC}") = "BIS.PAA.Test", "BIS.PAA.Test\BIS.PAA.Test.csproj", "{C4E71C53-0AFD-431C-8382-3C75AE27F16E}"
EndProject
Project("{FAE04EC0-301F-11D3-BF4B-00C04F79EFBC}") = "BIS.RTM.Test", "BIS.RTM.Test\BIS.RTM.Test.csproj", "{5F93C6BC-4403-4AAA-8B0F-F5DFE5F3112F}"
EndProject
Project("{FAE04EC0-301F-11D3-BF4B-00C04F79EFBC}") = "BIS.WRP.Test", "BIS.WRP.Test\BIS.WRP.Test.csproj", "{0BD4AB1C-5823-4E23-B8B1-A9BA25ACA643}"
EndProject
Project("{FAE04EC0-301F-11D3-BF4B-00C04F79EFBC}") = "BIS.ALB.Test", "BIS.ALB.Test\BIS.ALB.Test.csproj", "{C78B96D3-2BA0-4D2F-BD39-21103CFE2707}"
EndProject
Project("{FAE04EC0-301F-11D3-BF4B-00C04F79EFBC}") = "BIS.PAA.Encoder.Test", "BIS.PAA.Encoder.Test\BIS.PAA.Encoder.Test.csproj", "{9A9AB0D6-1C83-40FD-A9F4-29C7EB459C30}"
EndProject
Project("{FAE04EC0-301F-11D3-BF4B-00C04F79EFBC}") = "BIS.PAA.Encoder", "BIS.PAA.Encoder\BIS.PAA.Encoder.csproj", "{D47B7ABE-5159-4532-A15B-67BDEC02234D}"
EndProject
Project("{FAE04EC0-301F-11D3-BF4B-00C04F79EFBC}") = "BIS.PBO.Deobfuscator", "BIS.PBO.Deobfuscator\BIS.PBO.Deobfuscator.csproj", "{BA7A0D67-B8B9-4293-A934-2B047C1AAE79}"
EndProject
Project("{FAE04EC0-301F-11D3-BF4B-00C04F79EFBC}") = "BIS.PBO.Deobfuscator.Test", "BIS.PBO.Deobfuscator.Test\BIS.PBO.Deobfuscator.Test.csproj", "{BC7E1344-82F9-4899-BDD1-65E6EB7F3184}"
EndProject
Project("{2150E333-8FDC-42A3-9474-1A3956D46DE8}") = "Utils", "Utils", "{F904F79D-75D5-4918-E32F-904F3CF671B2}"
EndProject
Project("{FAE04EC0-301F-11D3-BF4B-00C04F79EFBC}") = "PboSpy.Test", "Utils\PboSpy.Test\PboSpy.Test.csproj", "{01633E73-5924-425F-B97B-E063863A729F}"
EndProject
Project("{FAE04EC0-301F-11D3-BF4B-00C04F79EFBC}") = "PboSpy", "Utils\PboSpy\PboSpy.csproj", "{8465020B-FAA3-46BA-907D-AB83CC83983D}"
EndProject
Global
	GlobalSection(SolutionConfigurationPlatforms) = preSolution
		Debug|Any CPU = Debug|Any CPU
		Debug|x64 = Debug|x64
		Debug|x86 = Debug|x86
		Release|Any CPU = Release|Any CPU
		Release|x64 = Release|x64
		Release|x86 = Release|x86
	EndGlobalSection
	GlobalSection(ProjectConfigurationPlatforms) = postSolution
		{8D1B5008-1084-43F8-9E45-AF7894ECA64C}.Debug|Any CPU.ActiveCfg = Debug|Any CPU
		{8D1B5008-1084-43F8-9E45-AF7894ECA64C}.Debug|Any CPU.Build.0 = Debug|Any CPU
		{8D1B5008-1084-43F8-9E45-AF7894ECA64C}.Debug|x64.ActiveCfg = Debug|Any CPU
		{8D1B5008-1084-43F8-9E45-AF7894ECA64C}.Debug|x64.Build.0 = Debug|Any CPU
		{8D1B5008-1084-43F8-9E45-AF7894ECA64C}.Debug|x86.ActiveCfg = Debug|Any CPU
		{8D1B5008-1084-43F8-9E45-AF7894ECA64C}.Debug|x86.Build.0 = Debug|Any CPU
		{8D1B5008-1084-43F8-9E45-AF7894ECA64C}.Release|Any CPU.ActiveCfg = Release|Any CPU
		{8D1B5008-1084-43F8-9E45-AF7894ECA64C}.Release|Any CPU.Build.0 = Release|Any CPU
		{8D1B5008-1084-43F8-9E45-AF7894ECA64C}.Release|x64.ActiveCfg = Release|Any CPU
		{8D1B5008-1084-43F8-9E45-AF7894ECA64C}.Release|x64.Build.0 = Release|Any CPU
		{8D1B5008-1084-43F8-9E45-AF7894ECA64C}.Release|x86.ActiveCfg = Release|Any CPU
		{8D1B5008-1084-43F8-9E45-AF7894ECA64C}.Release|x86.Build.0 = Release|Any CPU
		{B877F60B-0E26-4572-9E6A-6C9E67C5F8D7}.Debug|Any CPU.ActiveCfg = Debug|Any CPU
		{B877F60B-0E26-4572-9E6A-6C9E67C5F8D7}.Debug|Any CPU.Build.0 = Debug|Any CPU
		{B877F60B-0E26-4572-9E6A-6C9E67C5F8D7}.Debug|x64.ActiveCfg = Debug|Any CPU
		{B877F60B-0E26-4572-9E6A-6C9E67C5F8D7}.Debug|x64.Build.0 = Debug|Any CPU
		{B877F60B-0E26-4572-9E6A-6C9E67C5F8D7}.Debug|x86.ActiveCfg = Debug|Any CPU
		{B877F60B-0E26-4572-9E6A-6C9E67C5F8D7}.Debug|x86.Build.0 = Debug|Any CPU
		{B877F60B-0E26-4572-9E6A-6C9E67C5F8D7}.Release|Any CPU.ActiveCfg = Release|Any CPU
		{B877F60B-0E26-4572-9E6A-6C9E67C5F8D7}.Release|Any CPU.Build.0 = Release|Any CPU
		{B877F60B-0E26-4572-9E6A-6C9E67C5F8D7}.Release|x64.ActiveCfg = Release|Any CPU
		{B877F60B-0E26-4572-9E6A-6C9E67C5F8D7}.Release|x64.Build.0 = Release|Any CPU
		{B877F60B-0E26-4572-9E6A-6C9E67C5F8D7}.Release|x86.ActiveCfg = Release|Any CPU
		{B877F60B-0E26-4572-9E6A-6C9E67C5F8D7}.Release|x86.Build.0 = Release|Any CPU
		{842AB5B1-28EF-476C-88FC-DD26EF6DBD4F}.Debug|Any CPU.ActiveCfg = Debug|Any CPU
		{842AB5B1-28EF-476C-88FC-DD26EF6DBD4F}.Debug|Any CPU.Build.0 = Debug|Any CPU
		{842AB5B1-28EF-476C-88FC-DD26EF6DBD4F}.Debug|x64.ActiveCfg = Debug|Any CPU
		{842AB5B1-28EF-476C-88FC-DD26EF6DBD4F}.Debug|x64.Build.0 = Debug|Any CPU
		{842AB5B1-28EF-476C-88FC-DD26EF6DBD4F}.Debug|x86.ActiveCfg = Debug|Any CPU
		{842AB5B1-28EF-476C-88FC-DD26EF6DBD4F}.Debug|x86.Build.0 = Debug|Any CPU
		{842AB5B1-28EF-476C-88FC-DD26EF6DBD4F}.Release|Any CPU.ActiveCfg = Release|Any CPU
		{842AB5B1-28EF-476C-88FC-DD26EF6DBD4F}.Release|Any CPU.Build.0 = Release|Any CPU
		{842AB5B1-28EF-476C-88FC-DD26EF6DBD4F}.Release|x64.ActiveCfg = Release|Any CPU
		{842AB5B1-28EF-476C-88FC-DD26EF6DBD4F}.Release|x64.Build.0 = Release|Any CPU
		{842AB5B1-28EF-476C-88FC-DD26EF6DBD4F}.Release|x86.ActiveCfg = Release|Any CPU
		{842AB5B1-28EF-476C-88FC-DD26EF6DBD4F}.Release|x86.Build.0 = Release|Any CPU
		{9399460C-6D54-4C03-A4DE-1E398A9A007E}.Debug|Any CPU.ActiveCfg = Debug|Any CPU
		{9399460C-6D54-4C03-A4DE-1E398A9A007E}.Debug|Any CPU.Build.0 = Debug|Any CPU
		{9399460C-6D54-4C03-A4DE-1E398A9A007E}.Debug|x64.ActiveCfg = Debug|Any CPU
		{9399460C-6D54-4C03-A4DE-1E398A9A007E}.Debug|x64.Build.0 = Debug|Any CPU
		{9399460C-6D54-4C03-A4DE-1E398A9A007E}.Debug|x86.ActiveCfg = Debug|Any CPU
		{9399460C-6D54-4C03-A4DE-1E398A9A007E}.Debug|x86.Build.0 = Debug|Any CPU
		{9399460C-6D54-4C03-A4DE-1E398A9A007E}.Release|Any CPU.ActiveCfg = Release|Any CPU
		{9399460C-6D54-4C03-A4DE-1E398A9A007E}.Release|Any CPU.Build.0 = Release|Any CPU
		{9399460C-6D54-4C03-A4DE-1E398A9A007E}.Release|x64.ActiveCfg = Release|Any CPU
		{9399460C-6D54-4C03-A4DE-1E398A9A007E}.Release|x64.Build.0 = Release|Any CPU
		{9399460C-6D54-4C03-A4DE-1E398A9A007E}.Release|x86.ActiveCfg = Release|Any CPU
		{9399460C-6D54-4C03-A4DE-1E398A9A007E}.Release|x86.Build.0 = Release|Any CPU
		{500A441F-1736-4FE1-AAE0-0DE1F52A30FB}.Debug|Any CPU.ActiveCfg = Debug|Any CPU
		{500A441F-1736-4FE1-AAE0-0DE1F52A30FB}.Debug|Any CPU.Build.0 = Debug|Any CPU
		{500A441F-1736-4FE1-AAE0-0DE1F52A30FB}.Debug|x64.ActiveCfg = Debug|Any CPU
		{500A441F-1736-4FE1-AAE0-0DE1F52A30FB}.Debug|x64.Build.0 = Debug|Any CPU
		{500A441F-1736-4FE1-AAE0-0DE1F52A30FB}.Debug|x86.ActiveCfg = Debug|Any CPU
		{500A441F-1736-4FE1-AAE0-0DE1F52A30FB}.Debug|x86.Build.0 = Debug|Any CPU
		{500A441F-1736-4FE1-AAE0-0DE1F52A30FB}.Release|Any CPU.ActiveCfg = Release|Any CPU
		{500A441F-1736-4FE1-AAE0-0DE1F52A30FB}.Release|Any CPU.Build.0 = Release|Any CPU
		{500A441F-1736-4FE1-AAE0-0DE1F52A30FB}.Release|x64.ActiveCfg = Release|Any CPU
		{500A441F-1736-4FE1-AAE0-0DE1F52A30FB}.Release|x64.Build.0 = Release|Any CPU
		{500A441F-1736-4FE1-AAE0-0DE1F52A30FB}.Release|x86.ActiveCfg = Release|Any CPU
		{500A441F-1736-4FE1-AAE0-0DE1F52A30FB}.Release|x86.Build.0 = Release|Any CPU
		{B8B2BF3E-CCB4-441C-B4A1-2036090AFF9E}.Debug|Any CPU.ActiveCfg = Debug|Any CPU
		{B8B2BF3E-CCB4-441C-B4A1-2036090AFF9E}.Debug|Any CPU.Build.0 = Debug|Any CPU
		{B8B2BF3E-CCB4-441C-B4A1-2036090AFF9E}.Debug|x64.ActiveCfg = Debug|Any CPU
		{B8B2BF3E-CCB4-441C-B4A1-2036090AFF9E}.Debug|x64.Build.0 = Debug|Any CPU
		{B8B2BF3E-CCB4-441C-B4A1-2036090AFF9E}.Debug|x86.ActiveCfg = Debug|Any CPU
		{B8B2BF3E-CCB4-441C-B4A1-2036090AFF9E}.Debug|x86.Build.0 = Debug|Any CPU
		{B8B2BF3E-CCB4-441C-B4A1-2036090AFF9E}.Release|Any CPU.ActiveCfg = Release|Any CPU
		{B8B2BF3E-CCB4-441C-B4A1-2036090AFF9E}.Release|Any CPU.Build.0 = Release|Any CPU
		{B8B2BF3E-CCB4-441C-B4A1-2036090AFF9E}.Release|x64.ActiveCfg = Release|Any CPU
		{B8B2BF3E-CCB4-441C-B4A1-2036090AFF9E}.Release|x64.Build.0 = Release|Any CPU
		{B8B2BF3E-CCB4-441C-B4A1-2036090AFF9E}.Release|x86.ActiveCfg = Release|Any CPU
		{B8B2BF3E-CCB4-441C-B4A1-2036090AFF9E}.Release|x86.Build.0 = Release|Any CPU
		{2B43DF8A-8D46-45FE-AD10-63AF88E0B570}.Debug|Any CPU.ActiveCfg = Debug|Any CPU
		{2B43DF8A-8D46-45FE-AD10-63AF88E0B570}.Debug|Any CPU.Build.0 = Debug|Any CPU
		{2B43DF8A-8D46-45FE-AD10-63AF88E0B570}.Debug|x64.ActiveCfg = Debug|Any CPU
		{2B43DF8A-8D46-45FE-AD10-63AF88E0B570}.Debug|x64.Build.0 = Debug|Any CPU
		{2B43DF8A-8D46-45FE-AD10-63AF88E0B570}.Debug|x86.ActiveCfg = Debug|Any CPU
		{2B43DF8A-8D46-45FE-AD10-63AF88E0B570}.Debug|x86.Build.0 = Debug|Any CPU
		{2B43DF8A-8D46-45FE-AD10-63AF88E0B570}.Release|Any CPU.ActiveCfg = Release|Any CPU
		{2B43DF8A-8D46-45FE-AD10-63AF88E0B570}.Release|Any CPU.Build.0 = Release|Any CPU
		{2B43DF8A-8D46-45FE-AD10-63AF88E0B570}.Release|x64.ActiveCfg = Release|Any CPU
		{2B43DF8A-8D46-45FE-AD10-63AF88E0B570}.Release|x64.Build.0 = Release|Any CPU
		{2B43DF8A-8D46-45FE-AD10-63AF88E0B570}.Release|x86.ActiveCfg = Release|Any CPU
		{2B43DF8A-8D46-45FE-AD10-63AF88E0B570}.Release|x86.Build.0 = Release|Any CPU
		{6A91F1B2-5C8A-495A-824B-1BC7825B1939}.Debug|Any CPU.ActiveCfg = Debug|Any CPU
		{6A91F1B2-5C8A-495A-824B-1BC7825B1939}.Debug|Any CPU.Build.0 = Debug|Any CPU
		{6A91F1B2-5C8A-495A-824B-1BC7825B1939}.Debug|x64.ActiveCfg = Debug|Any CPU
		{6A91F1B2-5C8A-495A-824B-1BC7825B1939}.Debug|x64.Build.0 = Debug|Any CPU
		{6A91F1B2-5C8A-495A-824B-1BC7825B1939}.Debug|x86.ActiveCfg = Debug|Any CPU
		{6A91F1B2-5C8A-495A-824B-1BC7825B1939}.Debug|x86.Build.0 = Debug|Any CPU
		{6A91F1B2-5C8A-495A-824B-1BC7825B1939}.Release|Any CPU.ActiveCfg = Release|Any CPU
		{6A91F1B2-5C8A-495A-824B-1BC7825B1939}.Release|Any CPU.Build.0 = Release|Any CPU
		{6A91F1B2-5C8A-495A-824B-1BC7825B1939}.Release|x64.ActiveCfg = Release|Any CPU
		{6A91F1B2-5C8A-495A-824B-1BC7825B1939}.Release|x64.Build.0 = Release|Any CPU
		{6A91F1B2-5C8A-495A-824B-1BC7825B1939}.Release|x86.ActiveCfg = Release|Any CPU
		{6A91F1B2-5C8A-495A-824B-1BC7825B1939}.Release|x86.Build.0 = Release|Any CPU
		{B49FDF6F-5F9E-424D-B2D7-A41B9BC9E1D3}.Debug|Any CPU.ActiveCfg = Debug|Any CPU
		{B49FDF6F-5F9E-424D-B2D7-A41B9BC9E1D3}.Debug|Any CPU.Build.0 = Debug|Any CPU
		{B49FDF6F-5F9E-424D-B2D7-A41B9BC9E1D3}.Debug|x64.ActiveCfg = Debug|Any CPU
		{B49FDF6F-5F9E-424D-B2D7-A41B9BC9E1D3}.Debug|x64.Build.0 = Debug|Any CPU
		{B49FDF6F-5F9E-424D-B2D7-A41B9BC9E1D3}.Debug|x86.ActiveCfg = Debug|Any CPU
		{B49FDF6F-5F9E-424D-B2D7-A41B9BC9E1D3}.Debug|x86.Build.0 = Debug|Any CPU
		{B49FDF6F-5F9E-424D-B2D7-A41B9BC9E1D3}.Release|Any CPU.ActiveCfg = Release|Any CPU
		{B49FDF6F-5F9E-424D-B2D7-A41B9BC9E1D3}.Release|Any CPU.Build.0 = Release|Any CPU
		{B49FDF6F-5F9E-424D-B2D7-A41B9BC9E1D3}.Release|x64.ActiveCfg = Release|Any CPU
		{B49FDF6F-5F9E-424D-B2D7-A41B9BC9E1D3}.Release|x64.Build.0 = Release|Any CPU
		{B49FDF6F-5F9E-424D-B2D7-A41B9BC9E1D3}.Release|x86.ActiveCfg = Release|Any CPU
		{B49FDF6F-5F9E-424D-B2D7-A41B9BC9E1D3}.Release|x86.Build.0 = Release|Any CPU
		{D7668D68-B817-4372-96B9-1CD793D649A8}.Debug|Any CPU.ActiveCfg = Debug|Any CPU
		{D7668D68-B817-4372-96B9-1CD793D649A8}.Debug|Any CPU.Build.0 = Debug|Any CPU
		{D7668D68-B817-4372-96B9-1CD793D649A8}.Debug|x64.ActiveCfg = Debug|Any CPU
		{D7668D68-B817-4372-96B9-1CD793D649A8}.Debug|x64.Build.0 = Debug|Any CPU
		{D7668D68-B817-4372-96B9-1CD793D649A8}.Debug|x86.ActiveCfg = Debug|Any CPU
		{D7668D68-B817-4372-96B9-1CD793D649A8}.Debug|x86.Build.0 = Debug|Any CPU
		{D7668D68-B817-4372-96B9-1CD793D649A8}.Release|Any CPU.ActiveCfg = Release|Any CPU
		{D7668D68-B817-4372-96B9-1CD793D649A8}.Release|Any CPU.Build.0 = Release|Any CPU
		{D7668D68-B817-4372-96B9-1CD793D649A8}.Release|x64.ActiveCfg = Release|Any CPU
		{D7668D68-B817-4372-96B9-1CD793D649A8}.Release|x64.Build.0 = Release|Any CPU
		{D7668D68-B817-4372-96B9-1CD793D649A8}.Release|x86.ActiveCfg = Release|Any CPU
		{D7668D68-B817-4372-96B9-1CD793D649A8}.Release|x86.Build.0 = Release|Any CPU
		{A8800069-0862-4FB3-BB65-EDB2CEBB6A28}.Debug|Any CPU.ActiveCfg = Debug|Any CPU
		{A8800069-0862-4FB3-BB65-EDB2CEBB6A28}.Debug|Any CPU.Build.0 = Debug|Any CPU
		{A8800069-0862-4FB3-BB65-EDB2CEBB6A28}.Debug|x64.ActiveCfg = Debug|Any CPU
		{A8800069-0862-4FB3-BB65-EDB2CEBB6A28}.Debug|x64.Build.0 = Debug|Any CPU
		{A8800069-0862-4FB3-BB65-EDB2CEBB6A28}.Debug|x86.ActiveCfg = Debug|Any CPU
		{A8800069-0862-4FB3-BB65-EDB2CEBB6A28}.Debug|x86.Build.0 = Debug|Any CPU
		{A8800069-0862-4FB3-BB65-EDB2CEBB6A28}.Release|Any CPU.ActiveCfg = Release|Any CPU
		{A8800069-0862-4FB3-BB65-EDB2CEBB6A28}.Release|Any CPU.Build.0 = Release|Any CPU
		{A8800069-0862-4FB3-BB65-EDB2CEBB6A28}.Release|x64.ActiveCfg = Release|Any CPU
		{A8800069-0862-4FB3-BB65-EDB2CEBB6A28}.Release|x64.Build.0 = Release|Any CPU
		{A8800069-0862-4FB3-BB65-EDB2CEBB6A28}.Release|x86.ActiveCfg = Release|Any CPU
		{A8800069-0862-4FB3-BB65-EDB2CEBB6A28}.Release|x86.Build.0 = Release|Any CPU
		{1DC0035B-F2F0-4000-B377-ADCAB4717FD8}.Debug|Any CPU.ActiveCfg = Debug|Any CPU
		{1DC0035B-F2F0-4000-B377-ADCAB4717FD8}.Debug|Any CPU.Build.0 = Debug|Any CPU
		{1DC0035B-F2F0-4000-B377-ADCAB4717FD8}.Debug|x64.ActiveCfg = Debug|Any CPU
		{1DC0035B-F2F0-4000-B377-ADCAB4717FD8}.Debug|x64.Build.0 = Debug|Any CPU
		{1DC0035B-F2F0-4000-B377-ADCAB4717FD8}.Debug|x86.ActiveCfg = Debug|Any CPU
		{1DC0035B-F2F0-4000-B377-ADCAB4717FD8}.Debug|x86.Build.0 = Debug|Any CPU
		{1DC0035B-F2F0-4000-B377-ADCAB4717FD8}.Release|Any CPU.ActiveCfg = Release|Any CPU
		{1DC0035B-F2F0-4000-B377-ADCAB4717FD8}.Release|Any CPU.Build.0 = Release|Any CPU
		{1DC0035B-F2F0-4000-B377-ADCAB4717FD8}.Release|x64.ActiveCfg = Release|Any CPU
		{1DC0035B-F2F0-4000-B377-ADCAB4717FD8}.Release|x64.Build.0 = Release|Any CPU
		{1DC0035B-F2F0-4000-B377-ADCAB4717FD8}.Release|x86.ActiveCfg = Release|Any CPU
		{1DC0035B-F2F0-4000-B377-ADCAB4717FD8}.Release|x86.Build.0 = Release|Any CPU
		{C4E71C53-0AFD-431C-8382-3C75AE27F16E}.Debug|Any CPU.ActiveCfg = Debug|Any CPU
		{C4E71C53-0AFD-431C-8382-3C75AE27F16E}.Debug|Any CPU.Build.0 = Debug|Any CPU
		{C4E71C53-0AFD-431C-8382-3C75AE27F16E}.Debug|x64.ActiveCfg = Debug|Any CPU
		{C4E71C53-0AFD-431C-8382-3C75AE27F16E}.Debug|x64.Build.0 = Debug|Any CPU
		{C4E71C53-0AFD-431C-8382-3C75AE27F16E}.Debug|x86.ActiveCfg = Debug|Any CPU
		{C4E71C53-0AFD-431C-8382-3C75AE27F16E}.Debug|x86.Build.0 = Debug|Any CPU
		{C4E71C53-0AFD-431C-8382-3C75AE27F16E}.Release|Any CPU.ActiveCfg = Release|Any CPU
		{C4E71C53-0AFD-431C-8382-3C75AE27F16E}.Release|Any CPU.Build.0 = Release|Any CPU
		{C4E71C53-0AFD-431C-8382-3C75AE27F16E}.Release|x64.ActiveCfg = Release|Any CPU
		{C4E71C53-0AFD-431C-8382-3C75AE27F16E}.Release|x64.Build.0 = Release|Any CPU
		{C4E71C53-0AFD-431C-8382-3C75AE27F16E}.Release|x86.ActiveCfg = Release|Any CPU
		{C4E71C53-0AFD-431C-8382-3C75AE27F16E}.Release|x86.Build.0 = Release|Any CPU
		{5F93C6BC-4403-4AAA-8B0F-F5DFE5F3112F}.Debug|Any CPU.ActiveCfg = Debug|Any CPU
		{5F93C6BC-4403-4AAA-8B0F-F5DFE5F3112F}.Debug|Any CPU.Build.0 = Debug|Any CPU
		{5F93C6BC-4403-4AAA-8B0F-F5DFE5F3112F}.Debug|x64.ActiveCfg = Debug|Any CPU
		{5F93C6BC-4403-4AAA-8B0F-F5DFE5F3112F}.Debug|x64.Build.0 = Debug|Any CPU
		{5F93C6BC-4403-4AAA-8B0F-F5DFE5F3112F}.Debug|x86.ActiveCfg = Debug|Any CPU
		{5F93C6BC-4403-4AAA-8B0F-F5DFE5F3112F}.Debug|x86.Build.0 = Debug|Any CPU
		{5F93C6BC-4403-4AAA-8B0F-F5DFE5F3112F}.Release|Any CPU.ActiveCfg = Release|Any CPU
		{5F93C6BC-4403-4AAA-8B0F-F5DFE5F3112F}.Release|Any CPU.Build.0 = Release|Any CPU
		{5F93C6BC-4403-4AAA-8B0F-F5DFE5F3112F}.Release|x64.ActiveCfg = Release|Any CPU
		{5F93C6BC-4403-4AAA-8B0F-F5DFE5F3112F}.Release|x64.Build.0 = Release|Any CPU
		{5F93C6BC-4403-4AAA-8B0F-F5DFE5F3112F}.Release|x86.ActiveCfg = Release|Any CPU
		{5F93C6BC-4403-4AAA-8B0F-F5DFE5F3112F}.Release|x86.Build.0 = Release|Any CPU
		{0BD4AB1C-5823-4E23-B8B1-A9BA25ACA643}.Debug|Any CPU.ActiveCfg = Debug|Any CPU
		{0BD4AB1C-5823-4E23-B8B1-A9BA25ACA643}.Debug|Any CPU.Build.0 = Debug|Any CPU
		{0BD4AB1C-5823-4E23-B8B1-A9BA25ACA643}.Debug|x64.ActiveCfg = Debug|Any CPU
		{0BD4AB1C-5823-4E23-B8B1-A9BA25ACA643}.Debug|x64.Build.0 = Debug|Any CPU
		{0BD4AB1C-5823-4E23-B8B1-A9BA25ACA643}.Debug|x86.ActiveCfg = Debug|Any CPU
		{0BD4AB1C-5823-4E23-B8B1-A9BA25ACA643}.Debug|x86.Build.0 = Debug|Any CPU
		{0BD4AB1C-5823-4E23-B8B1-A9BA25ACA643}.Release|Any CPU.ActiveCfg = Release|Any CPU
		{0BD4AB1C-5823-4E23-B8B1-A9BA25ACA643}.Release|Any CPU.Build.0 = Release|Any CPU
		{0BD4AB1C-5823-4E23-B8B1-A9BA25ACA643}.Release|x64.ActiveCfg = Release|Any CPU
		{0BD4AB1C-5823-4E23-B8B1-A9BA25ACA643}.Release|x64.Build.0 = Release|Any CPU
		{0BD4AB1C-5823-4E23-B8B1-A9BA25ACA643}.Release|x86.ActiveCfg = Release|Any CPU
		{0BD4AB1C-5823-4E23-B8B1-A9BA25ACA643}.Release|x86.Build.0 = Release|Any CPU
		{C78B96D3-2BA0-4D2F-BD39-21103CFE2707}.Debug|Any CPU.ActiveCfg = Debug|Any CPU
		{C78B96D3-2BA0-4D2F-BD39-21103CFE2707}.Debug|Any CPU.Build.0 = Debug|Any CPU
		{C78B96D3-2BA0-4D2F-BD39-21103CFE2707}.Debug|x64.ActiveCfg = Debug|Any CPU
		{C78B96D3-2BA0-4D2F-BD39-21103CFE2707}.Debug|x64.Build.0 = Debug|Any CPU
		{C78B96D3-2BA0-4D2F-BD39-21103CFE2707}.Debug|x86.ActiveCfg = Debug|Any CPU
		{C78B96D3-2BA0-4D2F-BD39-21103CFE2707}.Debug|x86.Build.0 = Debug|Any CPU
		{C78B96D3-2BA0-4D2F-BD39-21103CFE2707}.Release|Any CPU.ActiveCfg = Release|Any CPU
		{C78B96D3-2BA0-4D2F-BD39-21103CFE2707}.Release|Any CPU.Build.0 = Release|Any CPU
		{C78B96D3-2BA0-4D2F-BD39-21103CFE2707}.Release|x64.ActiveCfg = Release|Any CPU
		{C78B96D3-2BA0-4D2F-BD39-21103CFE2707}.Release|x64.Build.0 = Release|Any CPU
		{C78B96D3-2BA0-4D2F-BD39-21103CFE2707}.Release|x86.ActiveCfg = Release|Any CPU
		{C78B96D3-2BA0-4D2F-BD39-21103CFE2707}.Release|x86.Build.0 = Release|Any CPU
		{9A9AB0D6-1C83-40FD-A9F4-29C7EB459C30}.Debug|Any CPU.ActiveCfg = Debug|Any CPU
		{9A9AB0D6-1C83-40FD-A9F4-29C7EB459C30}.Debug|Any CPU.Build.0 = Debug|Any CPU
		{9A9AB0D6-1C83-40FD-A9F4-29C7EB459C30}.Debug|x64.ActiveCfg = Debug|Any CPU
		{9A9AB0D6-1C83-40FD-A9F4-29C7EB459C30}.Debug|x64.Build.0 = Debug|Any CPU
		{9A9AB0D6-1C83-40FD-A9F4-29C7EB459C30}.Debug|x86.ActiveCfg = Debug|Any CPU
		{9A9AB0D6-1C83-40FD-A9F4-29C7EB459C30}.Debug|x86.Build.0 = Debug|Any CPU
		{9A9AB0D6-1C83-40FD-A9F4-29C7EB459C30}.Release|Any CPU.ActiveCfg = Release|Any CPU
		{9A9AB0D6-1C83-40FD-A9F4-29C7EB459C30}.Release|Any CPU.Build.0 = Release|Any CPU
		{9A9AB0D6-1C83-40FD-A9F4-29C7EB459C30}.Release|x64.ActiveCfg = Release|Any CPU
		{9A9AB0D6-1C83-40FD-A9F4-29C7EB459C30}.Release|x64.Build.0 = Release|Any CPU
		{9A9AB0D6-1C83-40FD-A9F4-29C7EB459C30}.Release|x86.ActiveCfg = Release|Any CPU
		{9A9AB0D6-1C83-40FD-A9F4-29C7EB459C30}.Release|x86.Build.0 = Release|Any CPU
		{D47B7ABE-5159-4532-A15B-67BDEC02234D}.Debug|Any CPU.ActiveCfg = Debug|Any CPU
		{D47B7ABE-5159-4532-A15B-67BDEC02234D}.Debug|Any CPU.Build.0 = Debug|Any CPU
		{D47B7ABE-5159-4532-A15B-67BDEC02234D}.Debug|x64.ActiveCfg = Debug|Any CPU
		{D47B7ABE-5159-4532-A15B-67BDEC02234D}.Debug|x64.Build.0 = Debug|Any CPU
		{D47B7ABE-5159-4532-A15B-67BDEC02234D}.Debug|x86.ActiveCfg = Debug|Any CPU
		{D47B7ABE-5159-4532-A15B-67BDEC02234D}.Debug|x86.Build.0 = Debug|Any CPU
		{D47B7ABE-5159-4532-A15B-67BDEC02234D}.Release|Any CPU.ActiveCfg = Release|Any CPU
		{D47B7ABE-5159-4532-A15B-67BDEC02234D}.Release|Any CPU.Build.0 = Release|Any CPU
		{D47B7ABE-5159-4532-A15B-67BDEC02234D}.Release|x64.ActiveCfg = Release|Any CPU
		{D47B7ABE-5159-4532-A15B-67BDEC02234D}.Release|x64.Build.0 = Release|Any CPU
		{D47B7ABE-5159-4532-A15B-67BDEC02234D}.Release|x86.ActiveCfg = Release|Any CPU
		{D47B7ABE-5159-4532-A15B-67BDEC02234D}.Release|x86.Build.0 = Release|Any CPU
		{BA7A0D67-B8B9-4293-A934-2B047C1AAE79}.Debug|Any CPU.ActiveCfg = Debug|Any CPU
		{BA7A0D67-B8B9-4293-A934-2B047C1AAE79}.Debug|Any CPU.Build.0 = Debug|Any CPU
		{BA7A0D67-B8B9-4293-A934-2B047C1AAE79}.Debug|x64.ActiveCfg = Debug|Any CPU
		{BA7A0D67-B8B9-4293-A934-2B047C1AAE79}.Debug|x64.Build.0 = Debug|Any CPU
		{BA7A0D67-B8B9-4293-A934-2B047C1AAE79}.Debug|x86.ActiveCfg = Debug|Any CPU
		{BA7A0D67-B8B9-4293-A934-2B047C1AAE79}.Debug|x86.Build.0 = Debug|Any CPU
		{BA7A0D67-B8B9-4293-A934-2B047C1AAE79}.Release|Any CPU.ActiveCfg = Release|Any CPU
		{BA7A0D67-B8B9-4293-A934-2B047C1AAE79}.Release|Any CPU.Build.0 = Release|Any CPU
		{BA7A0D67-B8B9-4293-A934-2B047C1AAE79}.Release|x64.ActiveCfg = Release|Any CPU
		{BA7A0D67-B8B9-4293-A934-2B047C1AAE79}.Release|x64.Build.0 = Release|Any CPU
		{BA7A0D67-B8B9-4293-A934-2B047C1AAE79}.Release|x86.ActiveCfg = Release|Any CPU
		{BA7A0D67-B8B9-4293-A934-2B047C1AAE79}.Release|x86.Build.0 = Release|Any CPU
		{BC7E1344-82F9-4899-BDD1-65E6EB7F3184}.Debug|Any CPU.ActiveCfg = Debug|Any CPU
		{BC7E1344-82F9-4899-BDD1-65E6EB7F3184}.Debug|Any CPU.Build.0 = Debug|Any CPU
		{BC7E1344-82F9-4899-BDD1-65E6EB7F3184}.Debug|x64.ActiveCfg = Debug|Any CPU
		{BC7E1344-82F9-4899-BDD1-65E6EB7F3184}.Debug|x64.Build.0 = Debug|Any CPU
		{BC7E1344-82F9-4899-BDD1-65E6EB7F3184}.Debug|x86.ActiveCfg = Debug|Any CPU
		{BC7E1344-82F9-4899-BDD1-65E6EB7F3184}.Debug|x86.Build.0 = Debug|Any CPU
		{BC7E1344-82F9-4899-BDD1-65E6EB7F3184}.Release|Any CPU.ActiveCfg = Release|Any CPU
		{BC7E1344-82F9-4899-BDD1-65E6EB7F3184}.Release|Any CPU.Build.0 = Release|Any CPU
		{BC7E1344-82F9-4899-BDD1-65E6EB7F3184}.Release|x64.ActiveCfg = Release|Any CPU
		{BC7E1344-82F9-4899-BDD1-65E6EB7F3184}.Release|x64.Build.0 = Release|Any CPU
		{BC7E1344-82F9-4899-BDD1-65E6EB7F3184}.Release|x86.ActiveCfg = Release|Any CPU
		{BC7E1344-82F9-4899-BDD1-65E6EB7F3184}.Release|x86.Build.0 = Release|Any CPU
		{01633E73-5924-425F-B97B-E063863A729F}.Debug|Any CPU.ActiveCfg = Debug|Any CPU
		{01633E73-5924-425F-B97B-E063863A729F}.Debug|Any CPU.Build.0 = Debug|Any CPU
		{01633E73-5924-425F-B97B-E063863A729F}.Debug|x64.ActiveCfg = Debug|Any CPU
		{01633E73-5924-425F-B97B-E063863A729F}.Debug|x64.Build.0 = Debug|Any CPU
		{01633E73-5924-425F-B97B-E063863A729F}.Debug|x86.ActiveCfg = Debug|Any CPU
		{01633E73-5924-425F-B97B-E063863A729F}.Debug|x86.Build.0 = Debug|Any CPU
		{01633E73-5924-425F-B97B-E063863A729F}.Release|Any CPU.ActiveCfg = Release|Any CPU
		{01633E73-5924-425F-B97B-E063863A729F}.Release|Any CPU.Build.0 = Release|Any CPU
		{01633E73-5924-425F-B97B-E063863A729F}.Release|x64.ActiveCfg = Release|Any CPU
		{01633E73-5924-425F-B97B-E063863A729F}.Release|x64.Build.0 = Release|Any CPU
		{01633E73-5924-425F-B97B-E063863A729F}.Release|x86.ActiveCfg = Release|Any CPU
		{01633E73-5924-425F-B97B-E063863A729F}.Release|x86.Build.0 = Release|Any CPU
		{8465020B-FAA3-46BA-907D-AB83CC83983D}.Debug|Any CPU.ActiveCfg = Debug|Any CPU
		{8465020B-FAA3-46BA-907D-AB83CC83983D}.Debug|Any CPU.Build.0 = Debug|Any CPU
		{8465020B-FAA3-46BA-907D-AB83CC83983D}.Debug|x64.ActiveCfg = Debug|Any CPU
		{8465020B-FAA3-46BA-907D-AB83CC83983D}.Debug|x64.Build.0 = Debug|Any CPU
		{8465020B-FAA3-46BA-907D-AB83CC83983D}.Debug|x86.ActiveCfg = Debug|Any CPU
		{8465020B-FAA3-46BA-907D-AB83CC83983D}.Debug|x86.Build.0 = Debug|Any CPU
		{8465020B-FAA3-46BA-907D-AB83CC83983D}.Release|Any CPU.ActiveCfg = Release|Any CPU
		{8465020B-FAA3-46BA-907D-AB83CC83983D}.Release|Any CPU.Build.0 = Release|Any CPU
		{8465020B-FAA3-46BA-907D-AB83CC83983D}.Release|x64.ActiveCfg = Release|Any CPU
		{8465020B-FAA3-46BA-907D-AB83CC83983D}.Release|x64.Build.0 = Release|Any CPU
		{8465020B-FAA3-46BA-907D-AB83CC83983D}.Release|x86.ActiveCfg = Release|Any CPU
		{8465020B-FAA3-46BA-907D-AB83CC83983D}.Release|x86.Build.0 = Release|Any CPU
	EndGlobalSection
	GlobalSection(SolutionProperties) = preSolution
		HideSolutionNode = FALSE
	EndGlobalSection
	GlobalSection(NestedProjects) = preSolution
		{01633E73-5924-425F-B97B-E063863A729F} = {F904F79D-75D5-4918-E32F-904F3CF671B2}
		{8465020B-FAA3-46BA-907D-AB83CC83983D} = {F904F79D-75D5-4918-E32F-904F3CF671B2}
	EndGlobalSection
	GlobalSection(ExtensibilityGlobals) = postSolution
		SolutionGuid = {CF9BC82F-3E0E-4D8D-96DC-11EFC3AF4035}
	EndGlobalSection
EndGlobal
